{
  "requires": true,
  "lockfileVersion": 1,
  "dependencies": {
    "@types/swagger-jsdoc": {
      "version": "3.0.2",
      "resolved": "https://registry.npmjs.org/@types/swagger-jsdoc/-/swagger-jsdoc-3.0.2.tgz",
      "integrity": "sha512-FALs3SRXPbRpHG4npnefsk+iUHVHOXRnj6g3Z+DlbwAXGB/t+DoLPHdp2VnchV00rJ016DgcV/nShDYkxgHT0Q==",
      "dev": true
    }
  }
}
